
Microsoft Visual Studio Solution File, Format Version 12.00
# Visual Studio 15
VisualStudioVersion = 15.0.27703.2035
MinimumVisualStudioVersion = 10.0.40219.1
Project("{FAE04EC0-301F-11D3-BF4B-00C04F79EFBC}") = "AppTest.Android", "AppTest\AppTest.Android\AppTest.Android.csproj", "{72E50470-9DF7-4C84-A367-D460CB69119C}"
EndProject
Project("{FAE04EC0-301F-11D3-BF4B-00C04F79EFBC}") = "AppTest.iOS", "AppTest\AppTest.iOS\AppTest.iOS.csproj", "{F659958B-34F3-4869-A9E8-AA6601CAC082}"
EndProject
Project("{FAE04EC0-301F-11D3-BF4B-00C04F79EFBC}") = "AppTest.UWP", "AppTest\AppTest.UWP\AppTest.UWP.csproj", "{1BC564CB-2983-4C8E-BD6E-8FA0BF576ACF}"
EndProject
Project("{FAE04EC0-301F-11D3-BF4B-00C04F79EFBC}") = "AppTest", "AppTest\AppTest\AppTest.csproj", "{0D39394E-9E52-40D0-8793-449C105EFF1F}"
EndProject
Global
	GlobalSection(SolutionConfigurationPlatforms) = preSolution
		Debug|Any CPU = Debug|Any CPU
		Debug|ARM = Debug|ARM
		Debug|iPhone = Debug|iPhone
		Debug|iPhoneSimulator = Debug|iPhoneSimulator
		Debug|x64 = Debug|x64
		Debug|x86 = Debug|x86
		Release|Any CPU = Release|Any CPU
		Release|ARM = Release|ARM
		Release|iPhone = Release|iPhone
		Release|iPhoneSimulator = Release|iPhoneSimulator
		Release|x64 = Release|x64
		Release|x86 = Release|x86
	EndGlobalSection
	GlobalSection(ProjectConfigurationPlatforms) = postSolution
		{72E50470-9DF7-4C84-A367-D460CB69119C}.Debug|Any CPU.ActiveCfg = Debug|Any CPU
		{72E50470-9DF7-4C84-A367-D460CB69119C}.Debug|Any CPU.Build.0 = Debug|Any CPU
		{72E50470-9DF7-4C84-A367-D460CB69119C}.Debug|Any CPU.Deploy.0 = Debug|Any CPU
		{72E50470-9DF7-4C84-A367-D460CB69119C}.Debug|ARM.ActiveCfg = Debug|Any CPU
		{72E50470-9DF7-4C84-A367-D460CB69119C}.Debug|ARM.Build.0 = Debug|Any CPU
		{72E50470-9DF7-4C84-A367-D460CB69119C}.Debug|ARM.Deploy.0 = Debug|Any CPU
		{72E50470-9DF7-4C84-A367-D460CB69119C}.Debug|iPhone.ActiveCfg = Debug|Any CPU
		{72E50470-9DF7-4C84-A367-D460CB69119C}.Debug|iPhone.Build.0 = Debug|Any CPU
		{72E50470-9DF7-4C84-A367-D460CB69119C}.Debug|iPhone.Deploy.0 = Debug|Any CPU
		{72E50470-9DF7-4C84-A367-D460CB69119C}.Debug|iPhoneSimulator.ActiveCfg = Debug|Any CPU
		{72E50470-9DF7-4C84-A367-D460CB69119C}.Debug|iPhoneSimulator.Build.0 = Debug|Any CPU
		{72E50470-9DF7-4C84-A367-D460CB69119C}.Debug|iPhoneSimulator.Deploy.0 = Debug|Any CPU
		{72E50470-9DF7-4C84-A367-D460CB69119C}.Debug|x64.ActiveCfg = Debug|Any CPU
		{72E50470-9DF7-4C84-A367-D460CB69119C}.Debug|x64.Build.0 = Debug|Any CPU
		{72E50470-9DF7-4C84-A367-D460CB69119C}.Debug|x64.Deploy.0 = Debug|Any CPU
		{72E50470-9DF7-4C84-A367-D460CB69119C}.Debug|x86.ActiveCfg = Debug|Any CPU
		{72E50470-9DF7-4C84-A367-D460CB69119C}.Debug|x86.Build.0 = Debug|Any CPU
		{72E50470-9DF7-4C84-A367-D460CB69119C}.Debug|x86.Deploy.0 = Debug|Any CPU
		{72E50470-9DF7-4C84-A367-D460CB69119C}.Release|Any CPU.ActiveCfg = Release|Any CPU
		{72E50470-9DF7-4C84-A367-D460CB69119C}.Release|Any CPU.Build.0 = Release|Any CPU
		{72E50470-9DF7-4C84-A367-D460CB69119C}.Release|Any CPU.Deploy.0 = Release|Any CPU
		{72E50470-9DF7-4C84-A367-D460CB69119C}.Release|ARM.ActiveCfg = Release|Any CPU
		{72E50470-9DF7-4C84-A367-D460CB69119C}.Release|ARM.Build.0 = Release|Any CPU
		{72E50470-9DF7-4C84-A367-D460CB69119C}.Release|ARM.Deploy.0 = Release|Any CPU
		{72E50470-9DF7-4C84-A367-D460CB69119C}.Release|iPhone.ActiveCfg = Release|Any CPU
		{72E50470-9DF7-4C84-A367-D460CB69119C}.Release|iPhone.Build.0 = Release|Any CPU
		{72E50470-9DF7-4C84-A367-D460CB69119C}.Release|iPhone.Deploy.0 = Release|Any CPU
		{72E50470-9DF7-4C84-A367-D460CB69119C}.Release|iPhoneSimulator.ActiveCfg = Release|Any CPU
		{72E50470-9DF7-4C84-A367-D460CB69119C}.Release|iPhoneSimulator.Build.0 = Release|Any CPU
		{72E50470-9DF7-4C84-A367-D460CB69119C}.Release|iPhoneSimulator.Deploy.0 = Release|Any CPU
		{72E50470-9DF7-4C84-A367-D460CB69119C}.Release|x64.ActiveCfg = Release|Any CPU
		{72E50470-9DF7-4C84-A367-D460CB69119C}.Release|x64.Build.0 = Release|Any CPU
		{72E50470-9DF7-4C84-A367-D460CB69119C}.Release|x64.Deploy.0 = Release|Any CPU
		{72E50470-9DF7-4C84-A367-D460CB69119C}.Release|x86.ActiveCfg = Release|Any CPU
		{72E50470-9DF7-4C84-A367-D460CB69119C}.Release|x86.Build.0 = Release|Any CPU
		{72E50470-9DF7-4C84-A367-D460CB69119C}.Release|x86.Deploy.0 = Release|Any CPU
		{F659958B-34F3-4869-A9E8-AA6601CAC082}.Debug|Any CPU.ActiveCfg = Debug|iPhoneSimulator
		{F659958B-34F3-4869-A9E8-AA6601CAC082}.Debug|Any CPU.Build.0 = Debug|iPhoneSimulator
		{F659958B-34F3-4869-A9E8-AA6601CAC082}.Debug|Any CPU.Deploy.0 = Debug|iPhoneSimulator
		{F659958B-34F3-4869-A9E8-AA6601CAC082}.Debug|ARM.ActiveCfg = Debug|iPhone
		{F659958B-34F3-4869-A9E8-AA6601CAC082}.Debug|ARM.Build.0 = Debug|iPhone
		{F659958B-34F3-4869-A9E8-AA6601CAC082}.Debug|ARM.Deploy.0 = Debug|iPhone
		{F659958B-34F3-4869-A9E8-AA6601CAC082}.Debug|iPhone.ActiveCfg = Debug|iPhone
		{F659958B-34F3-4869-A9E8-AA6601CAC082}.Debug|iPhone.Build.0 = Debug|iPhone
		{F659958B-34F3-4869-A9E8-AA6601CAC082}.Debug|iPhone.Deploy.0 = Debug|iPhone
		{F659958B-34F3-4869-A9E8-AA6601CAC082}.Debug|iPhoneSimulator.ActiveCfg = Debug|iPhoneSimulator
		{F659958B-34F3-4869-A9E8-AA6601CAC082}.Debug|iPhoneSimulator.Build.0 = Debug|iPhoneSimulator
		{F659958B-34F3-4869-A9E8-AA6601CAC082}.Debug|iPhoneSimulator.Deploy.0 = Debug|iPhoneSimulator
		{F659958B-34F3-4869-A9E8-AA6601CAC082}.Debug|x64.ActiveCfg = Debug|iPhone
		{F659958B-34F3-4869-A9E8-AA6601CAC082}.Debug|x64.Build.0 = Debug|iPhone
		{F659958B-34F3-4869-A9E8-AA6601CAC082}.Debug|x64.Deploy.0 = Debug|iPhone
		{F659958B-34F3-4869-A9E8-AA6601CAC082}.Debug|x86.ActiveCfg = Debug|iPhone
		{F659958B-34F3-4869-A9E8-AA6601CAC082}.Debug|x86.Build.0 = Debug|iPhone
		{F659958B-34F3-4869-A9E8-AA6601CAC082}.Debug|x86.Deploy.0 = Debug|iPhone
		{F659958B-34F3-4869-A9E8-AA6601CAC082}.Release|Any CPU.ActiveCfg = Release|iPhone
		{F659958B-34F3-4869-A9E8-AA6601CAC082}.Release|Any CPU.Build.0 = Release|iPhone
		{F659958B-34F3-4869-A9E8-AA6601CAC082}.Release|Any CPU.Deploy.0 = Release|iPhone
		{F659958B-34F3-4869-A9E8-AA6601CAC082}.Release|ARM.ActiveCfg = Release|iPhone
		{F659958B-34F3-4869-A9E8-AA6601CAC082}.Release|ARM.Build.0 = Release|iPhone
		{F659958B-34F3-4869-A9E8-AA6601CAC082}.Release|ARM.Deploy.0 = Release|iPhone
		{F659958B-34F3-4869-A9E8-AA6601CAC082}.Release|iPhone.ActiveCfg = Release|iPhone
		{F659958B-34F3-4869-A9E8-AA6601CAC082}.Release|iPhone.Build.0 = Release|iPhone
		{F659958B-34F3-4869-A9E8-AA6601CAC082}.Release|iPhone.Deploy.0 = Release|iPhone
		{F659958B-34F3-4869-A9E8-AA6601CAC082}.Release|iPhoneSimulator.ActiveCfg = Release|iPhoneSimulator
		{F659958B-34F3-4869-A9E8-AA6601CAC082}.Release|iPhoneSimulator.Build.0 = Release|iPhoneSimulator
		{F659958B-34F3-4869-A9E8-AA6601CAC082}.Release|iPhoneSimulator.Deploy.0 = Release|iPhoneSimulator
		{F659958B-34F3-4869-A9E8-AA6601CAC082}.Release|x64.ActiveCfg = Release|iPhone
		{F659958B-34F3-4869-A9E8-AA6601CAC082}.Release|x64.Build.0 = Release|iPhone
		{F659958B-34F3-4869-A9E8-AA6601CAC082}.Release|x64.Deploy.0 = Release|iPhone
		{F659958B-34F3-4869-A9E8-AA6601CAC082}.Release|x86.ActiveCfg = Release|iPhone
		{F659958B-34F3-4869-A9E8-AA6601CAC082}.Release|x86.Build.0 = Release|iPhone
		{F659958B-34F3-4869-A9E8-AA6601CAC082}.Release|x86.Deploy.0 = Release|iPhone
		{1BC564CB-2983-4C8E-BD6E-8FA0BF576ACF}.Debug|Any CPU.ActiveCfg = Debug|x86
		{1BC564CB-2983-4C8E-BD6E-8FA0BF576ACF}.Debug|Any CPU.Build.0 = Debug|x86
		{1BC564CB-2983-4C8E-BD6E-8FA0BF576ACF}.Debug|Any CPU.Deploy.0 = Debug|x86
		{1BC564CB-2983-4C8E-BD6E-8FA0BF576ACF}.Debug|ARM.ActiveCfg = Debug|ARM
		{1BC564CB-2983-4C8E-BD6E-8FA0BF576ACF}.Debug|ARM.Build.0 = Debug|ARM
		{1BC564CB-2983-4C8E-BD6E-8FA0BF576ACF}.Debug|ARM.Deploy.0 = Debug|ARM
		{1BC564CB-2983-4C8E-BD6E-8FA0BF576ACF}.Debug|iPhone.ActiveCfg = Debug|x86
		{1BC564CB-2983-4C8E-BD6E-8FA0BF576ACF}.Debug|iPhone.Build.0 = Debug|x86
		{1BC564CB-2983-4C8E-BD6E-8FA0BF576ACF}.Debug|iPhone.Deploy.0 = Debug|x86
		{1BC564CB-2983-4C8E-BD6E-8FA0BF576ACF}.Debug|iPhoneSimulator.ActiveCfg = Debug|x86
		{1BC564CB-2983-4C8E-BD6E-8FA0BF576ACF}.Debug|iPhoneSimulator.Build.0 = Debug|x86
		{1BC564CB-2983-4C8E-BD6E-8FA0BF576ACF}.Debug|iPhoneSimulator.Deploy.0 = Debug|x86
		{1BC564CB-2983-4C8E-BD6E-8FA0BF576ACF}.Debug|x64.ActiveCfg = Debug|x64
		{1BC564CB-2983-4C8E-BD6E-8FA0BF576ACF}.Debug|x64.Build.0 = Debug|x64
		{1BC564CB-2983-4C8E-BD6E-8FA0BF576ACF}.Debug|x64.Deploy.0 = Debug|x64
		{1BC564CB-2983-4C8E-BD6E-8FA0BF576ACF}.Debug|x86.ActiveCfg = Debug|x86
		{1BC564CB-2983-4C8E-BD6E-8FA0BF576ACF}.Debug|x86.Build.0 = Debug|x86
		{1BC564CB-2983-4C8E-BD6E-8FA0BF576ACF}.Debug|x86.Deploy.0 = Debug|x86
		{1BC564CB-2983-4C8E-BD6E-8FA0BF576ACF}.Release|Any CPU.ActiveCfg = Release|x86
		{1BC564CB-2983-4C8E-BD6E-8FA0BF576ACF}.Release|Any CPU.Build.0 = Release|x86
		{1BC564CB-2983-4C8E-BD6E-8FA0BF576ACF}.Release|Any CPU.Deploy.0 = Release|x86
		{1BC564CB-2983-4C8E-BD6E-8FA0BF576ACF}.Release|ARM.ActiveCfg = Release|ARM
		{1BC564CB-2983-4C8E-BD6E-8FA0BF576ACF}.Release|ARM.Build.0 = Release|ARM
		{1BC564CB-2983-4C8E-BD6E-8FA0BF576ACF}.Release|ARM.Deploy.0 = Release|ARM
		{1BC564CB-2983-4C8E-BD6E-8FA0BF576ACF}.Release|iPhone.ActiveCfg = Release|x86
		{1BC564CB-2983-4C8E-BD6E-8FA0BF576ACF}.Release|iPhone.Build.0 = Release|x86
		{1BC564CB-2983-4C8E-BD6E-8FA0BF576ACF}.Release|iPhone.Deploy.0 = Release|x86
		{1BC564CB-2983-4C8E-BD6E-8FA0BF576ACF}.Release|iPhoneSimulator.ActiveCfg = Release|x86
		{1BC564CB-2983-4C8E-BD6E-8FA0BF576ACF}.Release|iPhoneSimulator.Build.0 = Release|x86
		{1BC564CB-2983-4C8E-BD6E-8FA0BF576ACF}.Release|iPhoneSimulator.Deploy.0 = Release|x86
		{1BC564CB-2983-4C8E-BD6E-8FA0BF576ACF}.Release|x64.ActiveCfg = Release|x64
		{1BC564CB-2983-4C8E-BD6E-8FA0BF576ACF}.Release|x64.Build.0 = Release|x64
		{1BC564CB-2983-4C8E-BD6E-8FA0BF576ACF}.Release|x64.Deploy.0 = Release|x64
		{1BC564CB-2983-4C8E-BD6E-8FA0BF576ACF}.Release|x86.ActiveCfg = Release|x86
		{1BC564CB-2983-4C8E-BD6E-8FA0BF576ACF}.Release|x86.Build.0 = Release|x86
		{1BC564CB-2983-4C8E-BD6E-8FA0BF576ACF}.Release|x86.Deploy.0 = Release|x86
		{0D39394E-9E52-40D0-8793-449C105EFF1F}.Debug|Any CPU.ActiveCfg = Debug|Any CPU
		{0D39394E-9E52-40D0-8793-449C105EFF1F}.Debug|Any CPU.Build.0 = Debug|Any CPU
		{0D39394E-9E52-40D0-8793-449C105EFF1F}.Debug|Any CPU.Deploy.0 = Debug|Any CPU
		{0D39394E-9E52-40D0-8793-449C105EFF1F}.Debug|ARM.ActiveCfg = Debug|Any CPU
		{0D39394E-9E52-40D0-8793-449C105EFF1F}.Debug|ARM.Build.0 = Debug|Any CPU
		{0D39394E-9E52-40D0-8793-449C105EFF1F}.Debug|ARM.Deploy.0 = Debug|Any CPU
		{0D39394E-9E52-40D0-8793-449C105EFF1F}.Debug|iPhone.ActiveCfg = Debug|Any CPU
		{0D39394E-9E52-40D0-8793-449C105EFF1F}.Debug|iPhone.Build.0 = Debug|Any CPU
		{0D39394E-9E52-40D0-8793-449C105EFF1F}.Debug|iPhone.Deploy.0 = Debug|Any CPU
		{0D39394E-9E52-40D0-8793-449C105EFF1F}.Debug|iPhoneSimulator.ActiveCfg = Debug|Any CPU
		{0D39394E-9E52-40D0-8793-449C105EFF1F}.Debug|iPhoneSimulator.Build.0 = Debug|Any CPU
		{0D39394E-9E52-40D0-8793-449C105EFF1F}.Debug|iPhoneSimulator.Deploy.0 = Debug|Any CPU
		{0D39394E-9E52-40D0-8793-449C105EFF1F}.Debug|x64.ActiveCfg = Debug|Any CPU
		{0D39394E-9E52-40D0-8793-449C105EFF1F}.Debug|x64.Build.0 = Debug|Any CPU
		{0D39394E-9E52-40D0-8793-449C105EFF1F}.Debug|x64.Deploy.0 = Debug|Any CPU
		{0D39394E-9E52-40D0-8793-449C105EFF1F}.Debug|x86.ActiveCfg = Debug|Any CPU
		{0D39394E-9E52-40D0-8793-449C105EFF1F}.Debug|x86.Build.0 = Debug|Any CPU
		{0D39394E-9E52-40D0-8793-449C105EFF1F}.Debug|x86.Deploy.0 = Debug|Any CPU
		{0D39394E-9E52-40D0-8793-449C105EFF1F}.Release|Any CPU.ActiveCfg = Release|Any CPU
		{0D39394E-9E52-40D0-8793-449C105EFF1F}.Release|Any CPU.Build.0 = Release|Any CPU
		{0D39394E-9E52-40D0-8793-449C105EFF1F}.Release|Any CPU.Deploy.0 = Release|Any CPU
		{0D39394E-9E52-40D0-8793-449C105EFF1F}.Release|ARM.ActiveCfg = Release|Any CPU
		{0D39394E-9E52-40D0-8793-449C105EFF1F}.Release|ARM.Build.0 = Release|Any CPU
		{0D39394E-9E52-40D0-8793-449C105EFF1F}.Release|ARM.Deploy.0 = Release|Any CPU
		{0D39394E-9E52-40D0-8793-449C105EFF1F}.Release|iPhone.ActiveCfg = Release|Any CPU
		{0D39394E-9E52-40D0-8793-449C105EFF1F}.Release|iPhone.Build.0 = Release|Any CPU
		{0D39394E-9E52-40D0-8793-449C105EFF1F}.Release|iPhone.Deploy.0 = Release|Any CPU
		{0D39394E-9E52-40D0-8793-449C105EFF1F}.Release|iPhoneSimulator.ActiveCfg = Release|Any CPU
		{0D39394E-9E52-40D0-8793-449C105EFF1F}.Release|iPhoneSimulator.Build.0 = Release|Any CPU
		{0D39394E-9E52-40D0-8793-449C105EFF1F}.Release|iPhoneSimulator.Deploy.0 = Release|Any CPU
		{0D39394E-9E52-40D0-8793-449C105EFF1F}.Release|x64.ActiveCfg = Release|Any CPU
		{0D39394E-9E52-40D0-8793-449C105EFF1F}.Release|x64.Build.0 = Release|Any CPU
		{0D39394E-9E52-40D0-8793-449C105EFF1F}.Release|x64.Deploy.0 = Release|Any CPU
		{0D39394E-9E52-40D0-8793-449C105EFF1F}.Release|x86.ActiveCfg = Release|Any CPU
		{0D39394E-9E52-40D0-8793-449C105EFF1F}.Release|x86.Build.0 = Release|Any CPU
		{0D39394E-9E52-40D0-8793-449C105EFF1F}.Release|x86.Deploy.0 = Release|Any CPU
	EndGlobalSection
	GlobalSection(SolutionProperties) = preSolution
		HideSolutionNode = FALSE
	EndGlobalSection
	GlobalSection(ExtensibilityGlobals) = postSolution
		SolutionGuid = {49772A60-4216-49EF-8DCF-6B500902414D}
	EndGlobalSection
EndGlobal
